{
  "name": "streamix-assets",
  "version": "1.0.0",
  "lockfileVersion": 3,
  "requires": true,
  "packages": {
    "": {
      "name": "streamix-assets",
      "version": "1.0.0",
      "dependencies": {
        "@libmedia/avplayer": "^1.2.2",
        "alpinejs": "^3.15.3",
        "hls.js": "^1.7.0-alpha.1",
        "mpegts.js": "^1.8.0"
      },
      "devDependencies": {
        "@biomejs/biome": "^2.3.11"
      }
    },
    "node_modules/@biomejs/biome": {
      "version": "2.4.9",
      "resolved": "https://registry.npmjs.org/@biomejs/biome/-/biome-2.4.9.tgz",
      "integrity": "sha512-wvZW92FrwitTcacvCBT8xdAbfbxWfDLwjYMmU3djjqQTh7Ni4ZdiWIT/x5VcZ+RQuxiKzIOzi5D+dcyJDFZMsA==",
      "dev": true,
      "license": "MIT OR Apache-2.0",
      "bin": {
        "biome": "bin/biome"
      },
      "engines": {
        "node": ">=14.21.3"
      },
      "funding": {
        "type": "opencollective",
        "url": "https://opencollective.com/biome"
      },
      "optionalDependencies": {
        "@biomejs/cli-darwin-arm64": "2.4.9",
        "@biomejs/cli-darwin-x64": "2.4.9",
        "@biomejs/cli-linux-arm64": "2.4.9",
        "@biomejs/cli-linux-arm64-musl": "2.4.9",
        "@biomejs/cli-linux-x64": "2.4.9",
        "@biomejs/cli-linux-x64-musl": "2.4.9",
        "@biomejs/cli-win32-arm64": "2.4.9",
        "@biomejs/cli-win32-x64": "2.4.9"
      }
    },
    "node_modules/@biomejs/cli-darwin-arm64": {
      "version": "2.4.9",
      "resolved": "https://registry.npmjs.org/@biomejs/cli-darwin-arm64/-/cli-darwin-arm64-2.4.9.tgz",
      "integrity": "sha512-d5G8Gf2RpH5pYwiHLPA+UpG3G9TLQu4WM+VK6sfL7K68AmhcEQ9r+nkj/DvR/GYhYox6twsHUtmWWWIKfcfQQA==",
      "cpu": [
        "arm64"
      ],
      "dev": true,
      "license": "MIT OR Apache-2.0",
      "optional": true,
      "os": [
        "darwin"
      ],
      "engines": {
        "node": ">=14.21.3"
      }
    },
    "node_modules/@biomejs/cli-darwin-x64": {
      "version": "2.4.9",
      "resolved": "https://registry.npmjs.org/@biomejs/cli-darwin-x64/-/cli-darwin-x64-2.4.9.tgz",
      "integrity": "sha512-LNCLNgqDMG7BLdc3a8aY/dwKPK7+R8/JXJoXjCvZh2gx8KseqBdFDKbhrr7HCWF8SzNhbTaALhTBoh/I6rf9lA==",
      "cpu": [
        "x64"
      ],
      "dev": true,
      "license": "MIT OR Apache-2.0",
      "optional": true,
      "os": [
        "darwin"
      ],
      "engines": {
        "node": ">=14.21.3"
      }
    },
    "node_modules/@biomejs/cli-linux-arm64": {
      "version": "2.4.9",
      "resolved": "https://registry.npmjs.org/@biomejs/cli-linux-arm64/-/cli-linux-arm64-2.4.9.tgz",
      "integrity": "sha512-4adnkAUi6K4C/emPRgYznMOcLlUqZdXWM6aIui4VP4LraE764g6Q4YguygnAUoxKjKIXIWPteKMgRbN0wsgwcg==",
      "cpu": [
        "arm64"
      ],
      "dev": true,
      "license": "MIT OR Apache-2.0",
      "optional": true,
      "os": [
        "linux"
      ],
      "engines": {
        "node": ">=14.21.3"
      }
    },
    "node_modules/@biomejs/cli-linux-arm64-musl": {
      "version": "2.4.9",
      "resolved": "https://registry.npmjs.org/@biomejs/cli-linux-arm64-musl/-/cli-linux-arm64-musl-2.4.9.tgz",
      "integrity": "sha512-8RCww5xnPn2wpK4L/QDGDOW0dq80uVWfppPxHIUg6mOs9B6gRmqPp32h1Ls3T8GnW8Wo5A8u7vpTwz4fExN+sw==",
      "cpu": [
        "arm64"
      ],
      "dev": true,
      "license": "MIT OR Apache-2.0",
      "optional": true,
      "os": [
        "linux"
      ],
      "engines": {
        "node": ">=14.21.3"
      }
    },
    "node_modules/@biomejs/cli-linux-x64": {
      "version": "2.4.9",
      "resolved": "https://registry.npmjs.org/@biomejs/cli-linux-x64/-/cli-linux-x64-2.4.9.tgz",
      "integrity": "sha512-L10na7POF0Ks/cgLFNF1ZvIe+X4onLkTi5oP9hY+Rh60Q+7fWzKDDCeGyiHUFf1nGIa9dQOOUPGe2MyYg8nMSQ==",
      "cpu": [
        "x64"
      ],
      "dev": true,
      "license": "MIT OR Apache-2.0",
      "optional": true,
      "os": [
        "linux"
      ],
      "engines": {
        "node": ">=14.21.3"
      }
    },
    "node_modules/@biomejs/cli-linux-x64-musl": {
      "version": "2.4.9",
      "resolved": "https://registry.npmjs.org/@biomejs/cli-linux-x64-musl/-/cli-linux-x64-musl-2.4.9.tgz",
      "integrity": "sha512-5TD+WS9v5vzXKzjetF0hgoaNFHMcpQeBUwKKVi3JbG1e9UCrFuUK3Gt185fyTzvRdwYkJJEMqglRPjmesmVv4A==",
      "cpu": [
        "x64"
      ],
      "dev": true,
      "license": "MIT OR Apache-2.0",
      "optional": true,
      "os": [
        "linux"
      ],
      "engines": {
        "node": ">=14.21.3"
      }
    },
    "node_modules/@biomejs/cli-win32-arm64": {
      "version": "2.4.9",
      "resolved": "https://registry.npmjs.org/@biomejs/cli-win32-arm64/-/cli-win32-arm64-2.4.9.tgz",
      "integrity": "sha512-aDZr0RBC3sMGJOU10BvG7eZIlWLK/i51HRIfScE2lVhfts2dQTreowLiJJd+UYg/tHKxS470IbzpuKmd0MiD6g==",
      "cpu": [
        "arm64"
      ],
      "dev": true,
      "license": "MIT OR Apache-2.0",
      "optional": true,
      "os": [
        "win32"
      ],
      "engines": {
        "node": ">=14.21.3"
      }
    },
    "node_modules/@biomejs/cli-win32-x64": {
      "version": "2.4.9",
      "resolved": "https://registry.npmjs.org/@biomejs/cli-win32-x64/-/cli-win32-x64-2.4.9.tgz",
      "integrity": "sha512-NS4g/2G9SoQ4ktKtz31pvyc/rmgzlcIDCGU/zWbmHJAqx6gcRj2gj5Q/guXhoWTzCUaQZDIqiCQXHS7BcGYc0w==",
      "cpu": [
        "x64"
      ],
      "dev": true,
      "license": "MIT OR Apache-2.0",
      "optional": true,
      "os": [
        "win32"
      ],
      "engines": {
        "node": ">=14.21.3"
      }
    },
    "node_modules/@libmedia/audioresample": {
      "version": "1.3.0",
      "resolved": "https://registry.npmjs.org/@libmedia/audioresample/-/audioresample-1.3.0.tgz",
      "integrity": "sha512-XH5prqG0uHRtBrsZG8cUvyPhMTS51zu+xDlAbQBGy+Q4PyDGnYMf4mp4Agf8spfWjIUGmVVsXIG22kYyUxacYQ==",
      "license": "LGPL-3.0-or-later",
      "dependencies": {
        "@libmedia/avutil": "1.3.0",
        "@libmedia/cheap": "~1.3.0",
        "@libmedia/common": "~2.3.0"
      }
    },
    "node_modules/@libmedia/audiostretchpitch": {
      "version": "1.3.0",
      "resolved": "https://registry.npmjs.org/@libmedia/audiostretchpitch/-/audiostretchpitch-1.3.0.tgz",
      "integrity": "sha512-YdRcCNhFbaI4y8bVY3vN4ZwxC/SVkLKBNdaiBOppU0gqmqDm7EvDJJEimGF37/Y1DGLuSIFwZ9nTVkgiIvkIDw==",
      "license": "LGPL-3.0-or-later",
      "dependencies": {
        "@libmedia/cheap": "~1.3.0"
      }
    },
    "node_modules/@libmedia/avcodec": {
      "version": "1.3.0",
      "resolved": "https://registry.npmjs.org/@libmedia/avcodec/-/avcodec-1.3.0.tgz",
      "integrity": "sha512-ZvU278DK/v0l/mOMWbIlzfmb4qDpWoe7+R6icnIpXlaMcny0QYgjhih381r5U0ZKNKJnSmMU4lJkVMovHaiaWg==",
      "license": "LGPL-3.0-or-later",
      "dependencies": {
        "@libmedia/avformat": "1.3.0",
        "@libmedia/avutil": "1.3.0",
        "@libmedia/cheap": "~1.3.0",
        "@libmedia/common": "~2.3.0"
      }
    },
    "node_modules/@libmedia/avformat": {
      "version": "1.3.0",
      "resolved": "https://registry.npmjs.org/@libmedia/avformat/-/avformat-1.3.0.tgz",
      "integrity": "sha512-I2ZXXyN07T+bGLxCGeR0XorQMyxiAuq/zIz8YzmGZ8xVRESM7f7xUYgZqm07jD4JpdYoN8Vs7jhg98CV1aqCZQ==",
      "license": "LGPL-3.0-or-later",
      "dependencies": {
        "@libmedia/avcodec": "1.3.0",
        "@libmedia/avprotocol": "1.3.0",
        "@libmedia/avutil": "1.3.0",
        "@libmedia/cheap": "~1.3.0",
        "@libmedia/common": "~2.3.0"
      }
    },
    "node_modules/@libmedia/avnetwork": {
      "version": "1.3.0",
      "resolved": "https://registry.npmjs.org/@libmedia/avnetwork/-/avnetwork-1.3.0.tgz",
      "integrity": "sha512-mp3STFCJ4I6QQpHZrwUWhE4uXHrfbJ1ZpyZEmhrg41QG3yWv8qa5dzGLfap25zf05NZaY4LJyEf3Y5TU5VQWoQ==",
      "license": "LGPL-3.0-or-later",
      "dependencies": {
        "@libmedia/avformat": "1.3.0",
        "@libmedia/avprotocol": "1.3.0",
        "@libmedia/avutil": "1.3.0",
        "@libmedia/cheap": "~1.3.0",
        "@libmedia/common": "~2.3.0"
      }
    },
    "node_modules/@libmedia/avpipeline": {
      "version": "1.3.0",
      "resolved": "https://registry.npmjs.org/@libmedia/avpipeline/-/avpipeline-1.3.0.tgz",
      "integrity": "sha512-CSm69wITfo4+qYiComdQB/GiZ6QsKfmm3l3376QtBB5QNdS8FHpRWjTT0J/GYYtEpgkVSptIoBreQKLiI3KrUw==",
      "license": "LGPL-3.0-or-later",
      "dependencies": {
        "@libmedia/audioresample": "1.3.0",
        "@libmedia/audiostretchpitch": "1.3.0",
        "@libmedia/avcodec": "1.3.0",
        "@libmedia/avformat": "1.3.0",
        "@libmedia/avnetwork": "1.3.0",
        "@libmedia/avprotocol": "1.3.0",
        "@libmedia/avrender": "1.3.0",
        "@libmedia/avutil": "1.3.0",
        "@libmedia/cheap": "~1.3.0",
        "@libmedia/common": "~2.3.0"
      }
    },
    "node_modules/@libmedia/avplayer": {
      "version": "1.3.0",
      "resolved": "https://registry.npmjs.org/@libmedia/avplayer/-/avplayer-1.3.0.tgz",
      "integrity": "sha512-B7E2HMpnsM+nqXvFYVQJa+ZiV5+Xuq0FM6PQchuJJeKetd2e5TEn9JhVxeghkph/xBP5Q3eSw7McN901e2L3pQ==",
      "license": "LGPL-3.0-or-later",
      "dependencies": {
        "@libmedia/audioresample": "1.3.0",
        "@libmedia/audiostretchpitch": "1.3.0",
        "@libmedia/avcodec": "1.3.0",
        "@libmedia/avformat": "1.3.0",
        "@libmedia/avnetwork": "1.3.0",
        "@libmedia/avpipeline": "1.3.0",
        "@libmedia/avprotocol": "1.3.0",
        "@libmedia/avrender": "1.3.0",
        "@libmedia/avutil": "1.3.0",
        "@libmedia/cheap": "~1.3.0",
        "@libmedia/common": "~2.3.0",
        "ass-compiler": "^0.1.13",
        "assjs": "^0.1.1"
      }
    },
    "node_modules/@libmedia/avprotocol": {
      "version": "1.3.0",
      "resolved": "https://registry.npmjs.org/@libmedia/avprotocol/-/avprotocol-1.3.0.tgz",
      "integrity": "sha512-o4BtQHxjAAamzATu0J58VE5okELrP+mvlDRljWXiQVB7yBePK1VFM3wAuQnYIagzr/7N3iG3JAAFSMEq9vnACA==",
      "license": "LGPL-3.0-or-later",
      "dependencies": {
        "@libmedia/avutil": "1.3.0",
        "@libmedia/cheap": "~1.3.0",
        "@libmedia/common": "~2.3.0"
      }
    },
    "node_modules/@libmedia/avrender": {
      "version": "1.3.0",
      "resolved": "https://registry.npmjs.org/@libmedia/avrender/-/avrender-1.3.0.tgz",
      "integrity": "sha512-4/+A3O0GZvbFT6eMWkaHTwp0K6PMI1enYzUNaqfH6KisPw+90pivqbcoypLEjHp6GjCgraeWPI4QxN3HqBcgLg==",
      "license": "LGPL-3.0-or-later",
      "dependencies": {
        "@libmedia/avutil": "1.3.0",
        "@libmedia/cheap": "~1.3.0",
        "@libmedia/common": "~2.3.0"
      }
    },
    "node_modules/@libmedia/avutil": {
      "version": "1.3.0",
      "resolved": "https://registry.npmjs.org/@libmedia/avutil/-/avutil-1.3.0.tgz",
      "integrity": "sha512-r9eo7gwtnoIgZjCPrZi9c3RYUHIrm+CtX3hR6i3+uZdZ+kdWoN2XrSunbjyISaJWJ9VQWO7xYnE5quYZfa7NyA==",
      "license": "LGPL-3.0-or-later",
      "dependencies": {
        "@libmedia/cheap": "~1.3.0",
        "@libmedia/common": "~2.3.0"
      }
    },
    "node_modules/@libmedia/cheap": {
      "version": "1.3.0",
      "resolved": "https://registry.npmjs.org/@libmedia/cheap/-/cheap-1.3.0.tgz",
      "integrity": "sha512-r7SXGBYrmGJwgXwAUxK9QmJpd1Tn23NBtINoAsH5sRwdecv27dxlLkWl9OnzgXhTZdKLkcT8NXOLkouAle3dPA==",
      "license": "MIT",
      "dependencies": {
        "@libmedia/common": "~2.3.0",
        "commander": "^13.1.0"
      }
    },
    "node_modules/@libmedia/common": {
      "version": "2.3.0",
      "resolved": "https://registry.npmjs.org/@libmedia/common/-/common-2.3.0.tgz",
      "integrity": "sha512-fD8v6oDs2EeD+/BU6jhsuPF5MTJx2f18+avhTB7gTgkpQDPzrgpCz6e8qHJDuWA+rbNQA89hwMTBOhzL6b8HEQ==",
      "license": "MIT"
    },
    "node_modules/@vue/reactivity": {
      "version": "3.1.5",
      "resolved": "https://registry.npmjs.org/@vue/reactivity/-/reactivity-3.1.5.tgz",
      "integrity": "sha512-1tdfLmNjWG6t/CsPldh+foumYFo3cpyCHgBYQ34ylaMsJ+SNHQ1kApMIa8jN+i593zQuaw3AdWH0nJTARzCFhg==",
      "license": "MIT",
      "dependencies": {
        "@vue/shared": "3.1.5"
      }
    },
    "node_modules/@vue/shared": {
      "version": "3.1.5",
      "resolved": "https://registry.npmjs.org/@vue/shared/-/shared-3.1.5.tgz",
      "integrity": "sha512-oJ4F3TnvpXaQwZJNF3ZK+kLPHKarDmJjJ6jyzVNDKH9md1dptjC7lWR//jrGuLdek/U6iltWxqAnYOu8gCiOvA==",
      "license": "MIT"
    },
    "node_modules/alpinejs": {
      "version": "3.15.8",
      "resolved": "https://registry.npmjs.org/alpinejs/-/alpinejs-3.15.8.tgz",
      "integrity": "sha512-zxIfCRTBGvF1CCLIOMQOxAyBuqibxSEwS6Jm1a3HGA9rgrJVcjEWlwLcQTVGAWGS8YhAsTRLVrtQ5a5QT9bSSQ==",
      "license": "MIT",
      "dependencies": {
        "@vue/reactivity": "~3.1.1"
      }
    },
    "node_modules/ass-compiler": {
      "version": "0.1.16",
      "resolved": "https://registry.npmjs.org/ass-compiler/-/ass-compiler-0.1.16.tgz",
      "integrity": "sha512-t6RvH8ebL47t5a62XcrxMwxh1JQoOykydpT5bSVqqf9HA9/rbFl+9JgckBVTA5QdvfwuhYD5yrSc2n3u1tsjhA==",
      "license": "MIT"
    },
    "node_modules/assjs": {
      "version": "0.1.5",
      "resolved": "https://registry.npmjs.org/assjs/-/assjs-0.1.5.tgz",
      "integrity": "sha512-xJMpkFQU16scCMAK4wNnkVO/rhZnMqrwUTmlAVoEmzg5Ywl8LvZX1yWwAvQ1X4eRaGyIa7UJ1iZcKtbzmelEDg==",
      "license": "MIT"
    },
    "node_modules/commander": {
      "version": "13.1.0",
      "resolved": "https://registry.npmjs.org/commander/-/commander-13.1.0.tgz",
      "integrity": "sha512-/rFeCpNJQbhSZjGVwO9RFV3xPqbnERS8MmIQzCtD/zl6gpJuV/bMLuN92oG3F7d8oDEHHRrujSXNUr8fpjntKw==",
      "license": "MIT",
      "engines": {
        "node": ">=18"
      }
    },
    "node_modules/es6-promise": {
      "version": "4.2.8",
      "resolved": "https://registry.npmjs.org/es6-promise/-/es6-promise-4.2.8.tgz",
      "integrity": "sha512-HJDGx5daxeIvxdBxvG2cb9g4tEvwIk3i8+nhX0yGrYmZUzbkdg8QbDevheDB8gd0//uPj4c1EQua8Q+MViT0/w==",
      "license": "MIT"
    },
    "node_modules/hls.js": {
      "version": "1.7.0-alpha.1",
      "resolved": "https://registry.npmjs.org/hls.js/-/hls.js-1.7.0-alpha.1.tgz",
      "integrity": "sha512-tijVYA1FiiCLTzKODhFKNg/8DdLgmevCstI0Sc0NtP/K5Rdtb5zAo41fiWnpDigoxTF/BZ0BxtdRQ4yVnOCvrg==",
      "license": "Apache-2.0"
    },
    "node_modules/mpegts.js": {
      "version": "1.8.0",
      "resolved": "https://registry.npmjs.org/mpegts.js/-/mpegts.js-1.8.0.tgz",
      "integrity": "sha512-ZtujqtmTjWgcDDkoOnLvrOKUTO/MKgLHM432zGDI8oPaJ0S+ebPxg1nEpDpLw6I7KmV/GZgUIrfbWi3qqEircg==",
      "license": "Apache-2.0",
      "dependencies": {
        "es6-promise": "^4.2.5",
        "webworkify-webpack": "github:xqq/webworkify-webpack"
      }
    },
    "node_modules/webworkify-webpack": {
      "version": "2.1.5",
      "resolved": "git+ssh://git@github.com/xqq/webworkify-webpack.git#24d1e719b4a6cac37a518b2bb10fe124527ef4ef",
      "license": "MIT"
    }
  }
}
