{
  "name": "streamix-assets",
  "version": "1.0.0",
  "lockfileVersion": 3,
  "requires": true,
  "packages": {
    "": {
      "name": "streamix-assets",
      "version": "1.0.0",
      "dependencies": {
        "@libmedia/avplayer": "1.3.1",
        "avbridge": "^2.13.0",
        "hls.js": "^1.6.16",
        "mpegts.js": "^1.8.0"
      },
      "devDependencies": {
        "@biomejs/biome": "^2.5.5",
        "playwright": "^1.61.1"
      }
    },
    "node_modules/@biomejs/biome": {
      "version": "2.5.5",
      "resolved": "https://registry.npmjs.org/@biomejs/biome/-/biome-2.5.5.tgz",
      "integrity": "sha512-r1S8nFsAG1MY+vJFZALzIvwXAJv6ejDQ0mxP21Tgr9YK3ZFtjrvbBwDdNhx1rUqvccEIeNg20cYCNzl6Cr69pQ==",
      "dev": true,
      "license": "MIT OR Apache-2.0",
      "bin": {
        "biome": "bin/biome"
      },
      "engines": {
        "node": ">=14.21.3"
      },
      "funding": {
        "type": "opencollective",
        "url": "https://opencollective.com/biome"
      },
      "optionalDependencies": {
        "@biomejs/cli-darwin-arm64": "2.5.5",
        "@biomejs/cli-darwin-x64": "2.5.5",
        "@biomejs/cli-linux-arm64": "2.5.5",
        "@biomejs/cli-linux-arm64-musl": "2.5.5",
        "@biomejs/cli-linux-x64": "2.5.5",
        "@biomejs/cli-linux-x64-musl": "2.5.5",
        "@biomejs/cli-win32-arm64": "2.5.5",
        "@biomejs/cli-win32-x64": "2.5.5"
      }
    },
    "node_modules/@biomejs/cli-darwin-arm64": {
      "version": "2.5.5",
      "resolved": "https://registry.npmjs.org/@biomejs/cli-darwin-arm64/-/cli-darwin-arm64-2.5.5.tgz",
      "integrity": "sha512-kUrAhXVWUrwmAUnV2iXSK7umxKFysTwvqK+Ty6ptUcLY/7T3SnCAjUowE4uvwaEej6nXZ7hu/dTtbokKdsPeag==",
      "cpu": [
        "arm64"
      ],
      "dev": true,
      "license": "MIT OR Apache-2.0",
      "optional": true,
      "os": [
        "darwin"
      ],
      "engines": {
        "node": ">=14.21.3"
      }
    },
    "node_modules/@biomejs/cli-darwin-x64": {
      "version": "2.5.5",
      "resolved": "https://registry.npmjs.org/@biomejs/cli-darwin-x64/-/cli-darwin-x64-2.5.5.tgz",
      "integrity": "sha512-DamiYc5bUYZ2uxlfc+RLEPtz1Abb6PO5eTbOkufLpSGwd/7AMQAdxhFYiXmwwkJL8IsT8S7GvdgwDHqaMFAvKw==",
      "cpu": [
        "x64"
      ],
      "dev": true,
      "license": "MIT OR Apache-2.0",
      "optional": true,
      "os": [
        "darwin"
      ],
      "engines": {
        "node": ">=14.21.3"
      }
    },
    "node_modules/@biomejs/cli-linux-arm64": {
      "version": "2.5.5",
      "resolved": "https://registry.npmjs.org/@biomejs/cli-linux-arm64/-/cli-linux-arm64-2.5.5.tgz",
      "integrity": "sha512-lRKF/pH/1RiYiBKExi3TCZVAtvzEm77aifrvcNiDFrR9WxeAnDUjDnseb6y2XV85mjitLs6SILGm2XG77cHtSQ==",
      "cpu": [
        "arm64"
      ],
      "dev": true,
      "libc": [
        "glibc"
      ],
      "license": "MIT OR Apache-2.0",
      "optional": true,
      "os": [
        "linux"
      ],
      "engines": {
        "node": ">=14.21.3"
      }
    },
    "node_modules/@biomejs/cli-linux-arm64-musl": {
      "version": "2.5.5",
      "resolved": "https://registry.npmjs.org/@biomejs/cli-linux-arm64-musl/-/cli-linux-arm64-musl-2.5.5.tgz",
      "integrity": "sha512-U4WMl/sy/E/Q73vf15VspakLRRs2LDFcCeBxJnQfXzssb88zpV6PJPaQ3ezhQ7H6Ht2/8bvuZeHgJWzmoxllZg==",
      "cpu": [
        "arm64"
      ],
      "dev": true,
      "libc": [
        "musl"
      ],
      "license": "MIT OR Apache-2.0",
      "optional": true,
      "os": [
        "linux"
      ],
      "engines": {
        "node": ">=14.21.3"
      }
    },
    "node_modules/@biomejs/cli-linux-x64": {
      "version": "2.5.5",
      "resolved": "https://registry.npmjs.org/@biomejs/cli-linux-x64/-/cli-linux-x64-2.5.5.tgz",
      "integrity": "sha512-H/O39nJEw/2Zm/fm7hrmxxoF8kK/aU1uCoPp70ruXVbomaAdLpJJnCmL11Q2JotT8QVHH06So04Oq53lCSwSwQ==",
      "cpu": [
        "x64"
      ],
      "dev": true,
      "libc": [
        "glibc"
      ],
      "license": "MIT OR Apache-2.0",
      "optional": true,
      "os": [
        "linux"
      ],
      "engines": {
        "node": ">=14.21.3"
      }
    },
    "node_modules/@biomejs/cli-linux-x64-musl": {
      "version": "2.5.5",
      "resolved": "https://registry.npmjs.org/@biomejs/cli-linux-x64-musl/-/cli-linux-x64-musl-2.5.5.tgz",
      "integrity": "sha512-m7wC7tjX5Lrmo69dc4md8FeKpPU1NTCY1v7xUoQQ2vadWwNnBS0KZOG8471otFPHrTHihQJAjQPgMObpLvDe6A==",
      "cpu": [
        "x64"
      ],
      "dev": true,
      "libc": [
        "musl"
      ],
      "license": "MIT OR Apache-2.0",
      "optional": true,
      "os": [
        "linux"
      ],
      "engines": {
        "node": ">=14.21.3"
      }
    },
    "node_modules/@biomejs/cli-win32-arm64": {
      "version": "2.5.5",
      "resolved": "https://registry.npmjs.org/@biomejs/cli-win32-arm64/-/cli-win32-arm64-2.5.5.tgz",
      "integrity": "sha512-7BryINPuYypLUAH3o/o5ZdgomJ4zn3EDR0ChZJst7n32S6ZhKbgHXuYydLu+YAnx59ehGFR0z/MG6qnzQi3Yyw==",
      "cpu": [
        "arm64"
      ],
      "dev": true,
      "license": "MIT OR Apache-2.0",
      "optional": true,
      "os": [
        "win32"
      ],
      "engines": {
        "node": ">=14.21.3"
      }
    },
    "node_modules/@biomejs/cli-win32-x64": {
      "version": "2.5.5",
      "resolved": "https://registry.npmjs.org/@biomejs/cli-win32-x64/-/cli-win32-x64-2.5.5.tgz",
      "integrity": "sha512-bIBFo+n6MIxdNcVFy5CrurbKiZQiUciK3bt8+O9I4wjFZNTfXLpi+giq47522eXqW5NBc9ulx7dR1SlZKi2J5g==",
      "cpu": [
        "x64"
      ],
      "dev": true,
      "license": "MIT OR Apache-2.0",
      "optional": true,
      "os": [
        "win32"
      ],
      "engines": {
        "node": ">=14.21.3"
      }
    },
    "node_modules/@libav.js/types": {
      "version": "6.8.8",
      "resolved": "https://registry.npmjs.org/@libav.js/types/-/types-6.8.8.tgz",
      "integrity": "sha512-Lbik/0Q3x2R8cI7mOtRgt+nUWLqGXh7UinMndmpdXSDY4YEjYyVUDsq6fxkuriL78+LCYx8frZIN1r+oDsvYCQ==",
      "license": "LGPL-2.1"
    },
    "node_modules/@libav.js/variant-webcodecs": {
      "version": "6.8.8",
      "resolved": "https://registry.npmjs.org/@libav.js/variant-webcodecs/-/variant-webcodecs-6.8.8.tgz",
      "integrity": "sha512-nu2c7GaYc+KIJcopRrGUMbK4whyf4xDOoiJx7avOpDir06uDwYl42hjx0P8QcDsmFFS5l0wLg6d767ezMRfU0A==",
      "license": "LGPL-2.1"
    },
    "node_modules/@libmedia/audioresample": {
      "version": "1.3.1",
      "resolved": "https://registry.npmjs.org/@libmedia/audioresample/-/audioresample-1.3.1.tgz",
      "integrity": "sha512-RCvJhEa+4IUNvj629vBU33MNGf7DkVfbdGmeOWRkPkR0U2LaUJPjvqbGAldL8W8zQKBW1w0wnDbd9zIqJzJQ1Q==",
      "license": "LGPL-3.0-or-later",
      "dependencies": {
        "@libmedia/avutil": "1.3.1",
        "@libmedia/cheap": "~1.3.1",
        "@libmedia/common": "~2.3.0"
      }
    },
    "node_modules/@libmedia/audiostretchpitch": {
      "version": "1.3.1",
      "resolved": "https://registry.npmjs.org/@libmedia/audiostretchpitch/-/audiostretchpitch-1.3.1.tgz",
      "integrity": "sha512-hVYAKVJpRXURL3E2MTqkof7TkYHq4FKODQRjHY4WuzNIQtxjwlzL7oeHWLxbKPtRj83O/gZzcq7SjF2YfLuN6A==",
      "license": "LGPL-3.0-or-later",
      "dependencies": {
        "@libmedia/cheap": "~1.3.1"
      }
    },
    "node_modules/@libmedia/avcodec": {
      "version": "1.3.1",
      "resolved": "https://registry.npmjs.org/@libmedia/avcodec/-/avcodec-1.3.1.tgz",
      "integrity": "sha512-NtuVxz2eANARdl/53P6sHma2NSrgtCiV08TQN5w2yNYrcaPWv61fxa23kHaVoYdWw+pzcbiNHGPIAM8Mt4+mQQ==",
      "license": "LGPL-3.0-or-later",
      "dependencies": {
        "@libmedia/avformat": "1.3.1",
        "@libmedia/avutil": "1.3.1",
        "@libmedia/cheap": "~1.3.1",
        "@libmedia/common": "~2.3.0"
      }
    },
    "node_modules/@libmedia/avformat": {
      "version": "1.3.1",
      "resolved": "https://registry.npmjs.org/@libmedia/avformat/-/avformat-1.3.1.tgz",
      "integrity": "sha512-pWvtbKvfxRcU5PPb6KWzphZkz4jeLxHU46hGTdEGdZvPLeiEcrTy94UEoF8pYQ4/CGqjQ5YL8hxjfEm2FyR9LQ==",
      "license": "LGPL-3.0-or-later",
      "dependencies": {
        "@libmedia/avcodec": "1.3.1",
        "@libmedia/avprotocol": "1.3.1",
        "@libmedia/avutil": "1.3.1",
        "@libmedia/cheap": "~1.3.1",
        "@libmedia/common": "~2.3.0"
      }
    },
    "node_modules/@libmedia/avnetwork": {
      "version": "1.3.1",
      "resolved": "https://registry.npmjs.org/@libmedia/avnetwork/-/avnetwork-1.3.1.tgz",
      "integrity": "sha512-/nVocpuWbH3E0GYcicFoY4/Tm7ukwJ6QVP0erWwBcxQLqaautYj+22j3LVrlsH1ZeDnaeGQTJR9dTiIa9oAXlQ==",
      "license": "LGPL-3.0-or-later",
      "dependencies": {
        "@libmedia/avformat": "1.3.1",
        "@libmedia/avprotocol": "1.3.1",
        "@libmedia/avutil": "1.3.1",
        "@libmedia/cheap": "~1.3.1",
        "@libmedia/common": "~2.3.0"
      }
    },
    "node_modules/@libmedia/avpipeline": {
      "version": "1.3.1",
      "resolved": "https://registry.npmjs.org/@libmedia/avpipeline/-/avpipeline-1.3.1.tgz",
      "integrity": "sha512-dRDazU+MSQ3rMvulJ85voie71VodH4eFXL+gmPpHPxgsZuCHoWLzWGe1NoL9rZrjSk8pH/0oP9tnLvR7nUsSJQ==",
      "license": "LGPL-3.0-or-later",
      "dependencies": {
        "@libmedia/audioresample": "1.3.1",
        "@libmedia/audiostretchpitch": "1.3.1",
        "@libmedia/avcodec": "1.3.1",
        "@libmedia/avformat": "1.3.1",
        "@libmedia/avnetwork": "1.3.1",
        "@libmedia/avprotocol": "1.3.1",
        "@libmedia/avrender": "1.3.1",
        "@libmedia/avutil": "1.3.1",
        "@libmedia/cheap": "~1.3.1",
        "@libmedia/common": "~2.3.0"
      }
    },
    "node_modules/@libmedia/avplayer": {
      "version": "1.3.1",
      "resolved": "https://registry.npmjs.org/@libmedia/avplayer/-/avplayer-1.3.1.tgz",
      "integrity": "sha512-wRELj99DbfS0t9iKkts5p1v/PSlyGkQ7A5Vy/GNTFg4ZiNo+OWTkkW/ioQuoT8seeljqizN0lWYJjJ9Ra32fcA==",
      "license": "LGPL-3.0-or-later",
      "dependencies": {
        "@libmedia/audioresample": "1.3.1",
        "@libmedia/audiostretchpitch": "1.3.1",
        "@libmedia/avcodec": "1.3.1",
        "@libmedia/avformat": "1.3.1",
        "@libmedia/avnetwork": "1.3.1",
        "@libmedia/avpipeline": "1.3.1",
        "@libmedia/avprotocol": "1.3.1",
        "@libmedia/avrender": "1.3.1",
        "@libmedia/avutil": "1.3.1",
        "@libmedia/cheap": "~1.3.1",
        "@libmedia/common": "~2.3.0",
        "ass-compiler": "^0.1.13",
        "assjs": "^0.1.1"
      }
    },
    "node_modules/@libmedia/avprotocol": {
      "version": "1.3.1",
      "resolved": "https://registry.npmjs.org/@libmedia/avprotocol/-/avprotocol-1.3.1.tgz",
      "integrity": "sha512-ACX8PMpj1o0qqP/WMikT5dxEcNRJv9oquIF7J9Nt9uKagQilR8HnFYGccWPUBI72cYabXTRxxdYYOnE4aa9ifw==",
      "license": "LGPL-3.0-or-later",
      "dependencies": {
        "@libmedia/avutil": "1.3.1",
        "@libmedia/cheap": "~1.3.1",
        "@libmedia/common": "~2.3.0"
      }
    },
    "node_modules/@libmedia/avrender": {
      "version": "1.3.1",
      "resolved": "https://registry.npmjs.org/@libmedia/avrender/-/avrender-1.3.1.tgz",
      "integrity": "sha512-qxnv5WS+QyP6psmIfIcjB/kiq07OhQNb6Zr8ofvUrlEt00KL3IHL8QkKAR6HA4kwIPuwIxN9z394BZ7j3AUe6g==",
      "license": "LGPL-3.0-or-later",
      "dependencies": {
        "@libmedia/avutil": "1.3.1",
        "@libmedia/cheap": "~1.3.1",
        "@libmedia/common": "~2.3.0"
      }
    },
    "node_modules/@libmedia/avutil": {
      "version": "1.3.1",
      "resolved": "https://registry.npmjs.org/@libmedia/avutil/-/avutil-1.3.1.tgz",
      "integrity": "sha512-JIucrOKVKA5sacC3X21GxWTrO//QG0Vl665dLRvNWJZUH0Bb56jQWzVkcWKB8+JX8Dt74IidbwXJ1JsdyGSVSg==",
      "license": "LGPL-3.0-or-later",
      "dependencies": {
        "@libmedia/cheap": "~1.3.1",
        "@libmedia/common": "~2.3.0"
      }
    },
    "node_modules/@libmedia/cheap": {
      "version": "1.3.1",
      "resolved": "https://registry.npmjs.org/@libmedia/cheap/-/cheap-1.3.1.tgz",
      "integrity": "sha512-bCbYDCBinaVlaTy4vBjUoIJyCThK9JzVWEPZYZeJkHUxNKZ5g5BZ5hlft/nmS/c7ojaEyHMaRGOUNZ72nA7f6A==",
      "license": "MIT",
      "dependencies": {
        "@libmedia/common": "~2.3.0",
        "commander": "^13.1.0"
      }
    },
    "node_modules/@libmedia/common": {
      "version": "2.3.0",
      "resolved": "https://registry.npmjs.org/@libmedia/common/-/common-2.3.0.tgz",
      "integrity": "sha512-fD8v6oDs2EeD+/BU6jhsuPF5MTJx2f18+avhTB7gTgkpQDPzrgpCz6e8qHJDuWA+rbNQA89hwMTBOhzL6b8HEQ==",
      "license": "MIT"
    },
    "node_modules/@types/dom-mediacapture-transform": {
      "version": "0.1.11",
      "resolved": "https://registry.npmjs.org/@types/dom-mediacapture-transform/-/dom-mediacapture-transform-0.1.11.tgz",
      "integrity": "sha512-Y2p+nGf1bF2XMttBnsVPHUWzRRZzqUoJAKmiP10b5umnO6DDrWI0BrGDJy1pOHoOULVmGSfFNkQrAlC5dcj6nQ==",
      "license": "MIT",
      "dependencies": {
        "@types/dom-webcodecs": "*"
      }
    },
    "node_modules/@types/dom-webcodecs": {
      "version": "0.1.13",
      "resolved": "https://registry.npmjs.org/@types/dom-webcodecs/-/dom-webcodecs-0.1.13.tgz",
      "integrity": "sha512-O5hkiFIcjjszPIYyUSyvScyvrBoV3NOEEZx/pMlsu44TKzWNkLVBBxnxJz42in5n3QIolYOcBYFCPZZ0h8SkwQ==",
      "license": "MIT"
    },
    "node_modules/@ungap/global-this": {
      "version": "0.4.4",
      "resolved": "https://registry.npmjs.org/@ungap/global-this/-/global-this-0.4.4.tgz",
      "integrity": "sha512-mHkm6FvepJECMNthFuIgpAEFmPOk71UyXuIxYfjytvFTnSDBIz7jmViO+LfHI/AjrazWije0PnSP3+/NlwzqtA==",
      "license": "ISC"
    },
    "node_modules/ass-compiler": {
      "version": "0.1.16",
      "resolved": "https://registry.npmjs.org/ass-compiler/-/ass-compiler-0.1.16.tgz",
      "integrity": "sha512-t6RvH8ebL47t5a62XcrxMwxh1JQoOykydpT5bSVqqf9HA9/rbFl+9JgckBVTA5QdvfwuhYD5yrSc2n3u1tsjhA==",
      "license": "MIT"
    },
    "node_modules/assjs": {
      "version": "0.1.5",
      "resolved": "https://registry.npmjs.org/assjs/-/assjs-0.1.5.tgz",
      "integrity": "sha512-xJMpkFQU16scCMAK4wNnkVO/rhZnMqrwUTmlAVoEmzg5Ywl8LvZX1yWwAvQ1X4eRaGyIa7UJ1iZcKtbzmelEDg==",
      "license": "MIT"
    },
    "node_modules/avbridge": {
      "version": "2.13.0",
      "resolved": "https://registry.npmjs.org/avbridge/-/avbridge-2.13.0.tgz",
      "integrity": "sha512-e+xx9yfV4ijqImZYpXQPnO69JLltzwN/XqVoTvQzjGCgSmLluEBTFqPWqYz17mDxQqjZ8GtO0yfR5fWO4UTRdw==",
      "license": "MIT",
      "dependencies": {
        "@libav.js/variant-webcodecs": "^6.8.8",
        "libavjs-webcodecs-bridge": "^0.3.2",
        "mediabunny": "^1.40.1"
      },
      "optionalDependencies": {
        "@libav.js/types": "^6.8.8"
      }
    },
    "node_modules/commander": {
      "version": "13.1.0",
      "resolved": "https://registry.npmjs.org/commander/-/commander-13.1.0.tgz",
      "integrity": "sha512-/rFeCpNJQbhSZjGVwO9RFV3xPqbnERS8MmIQzCtD/zl6gpJuV/bMLuN92oG3F7d8oDEHHRrujSXNUr8fpjntKw==",
      "license": "MIT",
      "engines": {
        "node": ">=18"
      }
    },
    "node_modules/es6-promise": {
      "version": "4.2.8",
      "resolved": "https://registry.npmjs.org/es6-promise/-/es6-promise-4.2.8.tgz",
      "integrity": "sha512-HJDGx5daxeIvxdBxvG2cb9g4tEvwIk3i8+nhX0yGrYmZUzbkdg8QbDevheDB8gd0//uPj4c1EQua8Q+MViT0/w==",
      "license": "MIT"
    },
    "node_modules/fsevents": {
      "version": "2.3.2",
      "resolved": "https://registry.npmjs.org/fsevents/-/fsevents-2.3.2.tgz",
      "integrity": "sha512-xiqMQR4xAeHTuB9uWm+fFRcIOgKBMiOBP+eXiyT7jsgVCq1bkVygt00oASowB7EdtpOHaaPgKt812P9ab+DDKA==",
      "dev": true,
      "hasInstallScript": true,
      "license": "MIT",
      "optional": true,
      "os": [
        "darwin"
      ],
      "engines": {
        "node": "^8.16.0 || ^10.6.0 || >=11.0.0"
      }
    },
    "node_modules/hls.js": {
      "version": "1.6.16",
      "resolved": "https://registry.npmjs.org/hls.js/-/hls.js-1.6.16.tgz",
      "integrity": "sha512-VSIRpLfRwlAAdGL4wiTucx2ScRipo0ed1FBatWkyt832jC4CReKstga6yIhYVwGu9LOBjuX9wzmRMeQdBJtzEA==",
      "license": "Apache-2.0"
    },
    "node_modules/libavjs-webcodecs-bridge": {
      "version": "0.3.2",
      "resolved": "https://registry.npmjs.org/libavjs-webcodecs-bridge/-/libavjs-webcodecs-bridge-0.3.2.tgz",
      "integrity": "sha512-4gBoNpLyJPPrvSAlPxM2o+UeyrVN3icw/EeCZxSjwW6DmD/4MREIrb7pUG4CvR0JDX9B3x1e9gz034GSUZihgg==",
      "license": "ISC",
      "dependencies": {
        "libavjs-webcodecs-polyfill": "^0.5.3"
      }
    },
    "node_modules/libavjs-webcodecs-polyfill": {
      "version": "0.5.5",
      "resolved": "https://registry.npmjs.org/libavjs-webcodecs-polyfill/-/libavjs-webcodecs-polyfill-0.5.5.tgz",
      "integrity": "sha512-1RhFwKgYg/dsn0Ej4kf0z35t6G3/JZnStKqPHArOqALlvwG654NZes0AFXaJGzRLBknwLXiKw9qlemct97YE7w==",
      "license": "0BSD",
      "dependencies": {
        "@libav.js/types": "^6.7.7",
        "@ungap/global-this": "^0.4.4"
      }
    },
    "node_modules/mediabunny": {
      "version": "1.44.2",
      "resolved": "https://registry.npmjs.org/mediabunny/-/mediabunny-1.44.2.tgz",
      "integrity": "sha512-3ou3LB3ln31TYn/YZnRhRIVqwfgNy85gFvD3j34mEDq59Bc5PiNSV5ECavshm/+F2etC8UsJ/XdOrSoW3rB6lg==",
      "license": "MPL-2.0",
      "workspaces": [
        "packages/*"
      ],
      "dependencies": {
        "@types/dom-mediacapture-transform": "^0.1.11",
        "@types/dom-webcodecs": "0.1.13"
      },
      "funding": {
        "type": "individual",
        "url": "https://github.com/sponsors/Vanilagy"
      }
    },
    "node_modules/mpegts.js": {
      "version": "1.8.0",
      "resolved": "https://registry.npmjs.org/mpegts.js/-/mpegts.js-1.8.0.tgz",
      "integrity": "sha512-ZtujqtmTjWgcDDkoOnLvrOKUTO/MKgLHM432zGDI8oPaJ0S+ebPxg1nEpDpLw6I7KmV/GZgUIrfbWi3qqEircg==",
      "license": "Apache-2.0",
      "dependencies": {
        "es6-promise": "^4.2.5",
        "webworkify-webpack": "github:xqq/webworkify-webpack"
      }
    },
    "node_modules/playwright": {
      "version": "1.61.1",
      "resolved": "https://registry.npmjs.org/playwright/-/playwright-1.61.1.tgz",
      "integrity": "sha512-DWnY5o3YbLWK4GovuAVwpqL+1VwGNdUGrRr++8j8PtQQzvAVZUIMjKQ90fY689sEJZJBbZVw1rXaOKSTitkzPQ==",
      "dev": true,
      "license": "Apache-2.0",
      "dependencies": {
        "playwright-core": "1.61.1"
      },
      "bin": {
        "playwright": "cli.js"
      },
      "engines": {
        "node": ">=18"
      },
      "optionalDependencies": {
        "fsevents": "2.3.2"
      }
    },
    "node_modules/playwright-core": {
      "version": "1.61.1",
      "resolved": "https://registry.npmjs.org/playwright-core/-/playwright-core-1.61.1.tgz",
      "integrity": "sha512-h7Qlt6m4REp25qvIdvbDtVmD4LqVXfpRxhORv9L0jzETM05p4fuPJ3dKyuSXQxDSbXnmS79HAgi9589lGSpLkg==",
      "dev": true,
      "license": "Apache-2.0",
      "bin": {
        "playwright-core": "cli.js"
      },
      "engines": {
        "node": ">=18"
      }
    },
    "node_modules/webworkify-webpack": {
      "version": "2.1.5",
      "resolved": "git+ssh://git@github.com/xqq/webworkify-webpack.git#24d1e719b4a6cac37a518b2bb10fe124527ef4ef",
      "license": "MIT"
    }
  }
}
